
Microsoft Visual Studio Solution File, Format Version 12.00
# Visual Studio 15
VisualStudioVersion = 15.0.26124.0
MinimumVisualStudioVersion = 15.0.26124.0
Project("{FAE04EC0-301F-11D3-BF4B-00C04F79EFBC}") = "HexPalTest", "test\HexPalTest.csproj", "{71366091-A31A-45B2-9831-3E44F5B204DE}"
EndProject
Project("{2150E333-8FDC-42A3-9474-1A3956D46DE8}") = "src", "src", "{6494ECCD-A1E9-4468-8165-F78F7A641138}"
EndProject
Project("{FAE04EC0-301F-11D3-BF4B-00C04F79EFBC}") = "HexPal", "src\HexPal\HexPal.csproj", "{0818955C-9104-423C-AD1D-D6FBD60EF765}"
EndProject
Project("{FAE04EC0-301F-11D3-BF4B-00C04F79EFBC}") = "HexPal.Monogame", "src\HexPal.Monogame\HexPal.Monogame.csproj", "{684B18C9-6122-45BD-904A-B5237D30216C}"
EndProject
Global
	GlobalSection(SolutionConfigurationPlatforms) = preSolution
		Debug|Any CPU = Debug|Any CPU
		Debug|x64 = Debug|x64
		Debug|x86 = Debug|x86
		Release|Any CPU = Release|Any CPU
		Release|x64 = Release|x64
		Release|x86 = Release|x86
	EndGlobalSection
	GlobalSection(SolutionProperties) = preSolution
		HideSolutionNode = FALSE
	EndGlobalSection
	GlobalSection(ProjectConfigurationPlatforms) = postSolution
		{71366091-A31A-45B2-9831-3E44F5B204DE}.Debug|Any CPU.ActiveCfg = Debug|Any CPU
		{71366091-A31A-45B2-9831-3E44F5B204DE}.Debug|Any CPU.Build.0 = Debug|Any CPU
		{71366091-A31A-45B2-9831-3E44F5B204DE}.Debug|x64.ActiveCfg = Debug|Any CPU
		{71366091-A31A-45B2-9831-3E44F5B204DE}.Debug|x64.Build.0 = Debug|Any CPU
		{71366091-A31A-45B2-9831-3E44F5B204DE}.Debug|x86.ActiveCfg = Debug|Any CPU
		{71366091-A31A-45B2-9831-3E44F5B204DE}.Debug|x86.Build.0 = Debug|Any CPU
		{71366091-A31A-45B2-9831-3E44F5B204DE}.Release|Any CPU.ActiveCfg = Release|Any CPU
		{71366091-A31A-45B2-9831-3E44F5B204DE}.Release|Any CPU.Build.0 = Release|Any CPU
		{71366091-A31A-45B2-9831-3E44F5B204DE}.Release|x64.ActiveCfg = Release|Any CPU
		{71366091-A31A-45B2-9831-3E44F5B204DE}.Release|x64.Build.0 = Release|Any CPU
		{71366091-A31A-45B2-9831-3E44F5B204DE}.Release|x86.ActiveCfg = Release|Any CPU
		{71366091-A31A-45B2-9831-3E44F5B204DE}.Release|x86.Build.0 = Release|Any CPU
		{0818955C-9104-423C-AD1D-D6FBD60EF765}.Debug|Any CPU.ActiveCfg = Debug|Any CPU
		{0818955C-9104-423C-AD1D-D6FBD60EF765}.Debug|Any CPU.Build.0 = Debug|Any CPU
		{0818955C-9104-423C-AD1D-D6FBD60EF765}.Debug|x64.ActiveCfg = Debug|Any CPU
		{0818955C-9104-423C-AD1D-D6FBD60EF765}.Debug|x64.Build.0 = Debug|Any CPU
		{0818955C-9104-423C-AD1D-D6FBD60EF765}.Debug|x86.ActiveCfg = Debug|Any CPU
		{0818955C-9104-423C-AD1D-D6FBD60EF765}.Debug|x86.Build.0 = Debug|Any CPU
		{0818955C-9104-423C-AD1D-D6FBD60EF765}.Release|Any CPU.ActiveCfg = Release|Any CPU
		{0818955C-9104-423C-AD1D-D6FBD60EF765}.Release|Any CPU.Build.0 = Release|Any CPU
		{0818955C-9104-423C-AD1D-D6FBD60EF765}.Release|x64.ActiveCfg = Release|Any CPU
		{0818955C-9104-423C-AD1D-D6FBD60EF765}.Release|x64.Build.0 = Release|Any CPU
		{0818955C-9104-423C-AD1D-D6FBD60EF765}.Release|x86.ActiveCfg = Release|Any CPU
		{0818955C-9104-423C-AD1D-D6FBD60EF765}.Release|x86.Build.0 = Release|Any CPU
		{684B18C9-6122-45BD-904A-B5237D30216C}.Debug|Any CPU.ActiveCfg = Debug|Any CPU
		{684B18C9-6122-45BD-904A-B5237D30216C}.Debug|Any CPU.Build.0 = Debug|Any CPU
		{684B18C9-6122-45BD-904A-B5237D30216C}.Debug|x64.ActiveCfg = Debug|Any CPU
		{684B18C9-6122-45BD-904A-B5237D30216C}.Debug|x64.Build.0 = Debug|Any CPU
		{684B18C9-6122-45BD-904A-B5237D30216C}.Debug|x86.ActiveCfg = Debug|Any CPU
		{684B18C9-6122-45BD-904A-B5237D30216C}.Debug|x86.Build.0 = Debug|Any CPU
		{684B18C9-6122-45BD-904A-B5237D30216C}.Release|Any CPU.ActiveCfg = Release|Any CPU
		{684B18C9-6122-45BD-904A-B5237D30216C}.Release|Any CPU.Build.0 = Release|Any CPU
		{684B18C9-6122-45BD-904A-B5237D30216C}.Release|x64.ActiveCfg = Release|Any CPU
		{684B18C9-6122-45BD-904A-B5237D30216C}.Release|x64.Build.0 = Release|Any CPU
		{684B18C9-6122-45BD-904A-B5237D30216C}.Release|x86.ActiveCfg = Release|Any CPU
		{684B18C9-6122-45BD-904A-B5237D30216C}.Release|x86.Build.0 = Release|Any CPU
	EndGlobalSection
	GlobalSection(NestedProjects) = preSolution
		{0818955C-9104-423C-AD1D-D6FBD60EF765} = {6494ECCD-A1E9-4468-8165-F78F7A641138}
		{684B18C9-6122-45BD-904A-B5237D30216C} = {6494ECCD-A1E9-4468-8165-F78F7A641138}
	EndGlobalSection
EndGlobal
